
Microsoft Visual Studio Solution File, Format Version 12.00
# Visual Studio Version 17
VisualStudioVersion = 17.2.32526.322
MinimumVisualStudioVersion = 10.0.40219.1
Project("{FAE04EC0-301F-11D3-BF4B-00C04F79EFBC}") = "SQLiteConsole_v3", "SQLiteConsole_v3\SQLiteConsole_v3.csproj", "{3E9182E3-928A-441C-9C1B-D91E04B2F71B}"
EndProject
Global
	GlobalSection(SolutionConfigurationPlatforms) = preSolution
		Debug|Any CPU = Debug|Any CPU
		Release|Any CPU = Release|Any CPU
	EndGlobalSection
	GlobalSection(ProjectConfigurationPlatforms) = postSolution
		{3E9182E3-928A-441C-9C1B-D91E04B2F71B}.Debug|Any CPU.ActiveCfg = Debug|Any CPU
		{3E9182E3-928A-441C-9C1B-D91E04B2F71B}.Debug|Any CPU.Build.0 = Debug|Any CPU
		{3E9182E3-928A-441C-9C1B-D91E04B2F71B}.Release|Any CPU.ActiveCfg = Release|Any CPU
		{3E9182E3-928A-441C-9C1B-D91E04B2F71B}.Release|Any CPU.Build.0 = Release|Any CPU
	EndGlobalSection
	GlobalSection(SolutionProperties) = preSolution
		HideSolutionNode = FALSE
	EndGlobalSection
	GlobalSection(ExtensibilityGlobals) = postSolution
		SolutionGuid = {C5AF4709-C0C7-464F-92EC-2406B23BECB0}
	EndGlobalSection
EndGlobal
