
Microsoft Visual Studio Solution File, Format Version 12.00
# Visual Studio Version 16
VisualStudioVersion = 16.0.30717.126
MinimumVisualStudioVersion = 10.0.40219.1
Project("{FAE04EC0-301F-11D3-BF4B-00C04F79EFBC}") = "PocFilesAndFolders", "PocFilesAndFolders\PocFilesAndFolders.csproj", "{AAC40288-301B-4BF2-8638-97E681BB19CE}"
EndProject
Global
	GlobalSection(SolutionConfigurationPlatforms) = preSolution
		Debug|Any CPU = Debug|Any CPU
		Release|Any CPU = Release|Any CPU
	EndGlobalSection
	GlobalSection(ProjectConfigurationPlatforms) = postSolution
		{AAC40288-301B-4BF2-8638-97E681BB19CE}.Debug|Any CPU.ActiveCfg = Debug|Any CPU
		{AAC40288-301B-4BF2-8638-97E681BB19CE}.Debug|Any CPU.Build.0 = Debug|Any CPU
		{AAC40288-301B-4BF2-8638-97E681BB19CE}.Release|Any CPU.ActiveCfg = Release|Any CPU
		{AAC40288-301B-4BF2-8638-97E681BB19CE}.Release|Any CPU.Build.0 = Release|Any CPU
	EndGlobalSection
	GlobalSection(SolutionProperties) = preSolution
		HideSolutionNode = FALSE
	EndGlobalSection
	GlobalSection(ExtensibilityGlobals) = postSolution
		SolutionGuid = {3C84A637-667B-4B31-A6CD-323DA8CD532D}
	EndGlobalSection
EndGlobal
